
Microsoft Visual Studio Solution File, Format Version 12.00
# Visual Studio Version 16
VisualStudioVersion = 16.0.31105.61
MinimumVisualStudioVersion = 10.0.40219.1
Project("{FAE04EC0-301F-11D3-BF4B-00C04F79EFBC}") = "Evaluacion4", "Evaluacion4\Evaluacion4.csproj", "{A234AD98-C7C1-4903-AB9F-DC38425C7067}"
EndProject
Global
	GlobalSection(SolutionConfigurationPlatforms) = preSolution
		Debug|Any CPU = Debug|Any CPU
		Release|Any CPU = Release|Any CPU
	EndGlobalSection
	GlobalSection(ProjectConfigurationPlatforms) = postSolution
		{A234AD98-C7C1-4903-AB9F-DC38425C7067}.Debug|Any CPU.ActiveCfg = Debug|Any CPU
		{A234AD98-C7C1-4903-AB9F-DC38425C7067}.Debug|Any CPU.Build.0 = Debug|Any CPU
		{A234AD98-C7C1-4903-AB9F-DC38425C7067}.Release|Any CPU.ActiveCfg = Release|Any CPU
		{A234AD98-C7C1-4903-AB9F-DC38425C7067}.Release|Any CPU.Build.0 = Release|Any CPU
	EndGlobalSection
	GlobalSection(SolutionProperties) = preSolution
		HideSolutionNode = FALSE
	EndGlobalSection
	GlobalSection(ExtensibilityGlobals) = postSolution
		SolutionGuid = {738B2C90-8185-45E9-9C4E-A160DBF0C5C2}
	EndGlobalSection
EndGlobal
